<?xml version="1.0" encoding="UTF-8" standalone="yes" ?>
<CodeBlocks_project_file>
	<FileVersion major="1" minor="6" />
	<Project>
		<Option title="Pipes" />
		<Option pch_mode="2" />
		<Option compiler="gcc" />
		<Build>
			<Target title="Debug">
				<Option output="bin/Debug/Pipes" prefix_auto="1" extension_auto="1" />
				<Option object_output="obj/Debug/" />
				<Option type="1" />
				<Option compiler="gcc" />
				<Compiler>
					<Add option="-g" />
				</Compiler>
			</Target>
			<Target title="Release">
				<Option output="bin/Release/Pipes" prefix_auto="1" extension_auto="1" />
				<Option object_output="obj/Release/" />
				<Option type="1" />
				<Option compiler="gcc" />
				<Compiler>
					<Add option="-O2" />
				</Compiler>
				<Linker>
					<Add option="-s" />
				</Linker>
			</Target>
		</Build>
		<Compiler>
			<Add option="-Wall" />
			<Add option="-std=c++11" />
			<Add directory="C:/SDL2-2.0.7/i686-w64-mingw32/include/SDL2" />
			<Add directory="C:/SDL2_mixer/i686-w64-mingw32/include/SDL2" />
		</Compiler>
		<Linker>
			<Add option="-lmingw32 -lSDL2main -lSDL2 -lSDL2_mixer" />
			<Add directory="C:/SDL2-2.0.7/i686-w64-mingw32/lib" />
			<Add directory="C:/SDL2_mixer/i686-w64-mingw32/lib" />
		</Linker>
		<Unit filename="headers/Application.hpp" />
		<Unit filename="headers/Board.hpp" />
		<Unit filename="headers/JunkTile.hpp" />
		<Unit filename="headers/RegularTile.hpp" />
		<Unit filename="headers/Tile.hpp" />
		<Unit filename="source/Application.cpp" />
		<Unit filename="source/Board.cpp" />
		<Unit filename="source/JunkTile.cpp" />
		<Unit filename="source/RegularTile.cpp" />
		<Unit filename="source/Tile.cpp" />
		<Unit filename="source/main.cpp" />
		<Extensions>
			<code_completion />
			<envvars />
			<debugger />
		</Extensions>
	</Project>
</CodeBlocks_project_file>
